
Microsoft Visual Studio Solution File, Format Version 12.00
# Visual Studio 15
VisualStudioVersion = 15.0.28307.645
MinimumVisualStudioVersion = 10.0.40219.1
Project("{FAE04EC0-301F-11D3-BF4B-00C04F79EFBC}") = "WindowsFormsApp4", "WindowsFormsApp4\WindowsFormsApp4.csproj", "{2C46F994-E9D6-4BC2-8125-C7237227A1A6}"
EndProject
Project("{00D1A9C2-B5F0-4AF3-8072-F6C62B433612}") = "Restaurant", "Restaurant\Restaurant.sqlproj", "{805D52EF-7FCE-4FA2-88D2-DFCFE4B37239}"
EndProject
Global
	GlobalSection(SolutionConfigurationPlatforms) = preSolution
		Debug|Any CPU = Debug|Any CPU
		Release|Any CPU = Release|Any CPU
	EndGlobalSection
	GlobalSection(ProjectConfigurationPlatforms) = postSolution
		{2C46F994-E9D6-4BC2-8125-C7237227A1A6}.Debug|Any CPU.ActiveCfg = Debug|Any CPU
		{2C46F994-E9D6-4BC2-8125-C7237227A1A6}.Debug|Any CPU.Build.0 = Debug|Any CPU
		{2C46F994-E9D6-4BC2-8125-C7237227A1A6}.Release|Any CPU.ActiveCfg = Release|Any CPU
		{2C46F994-E9D6-4BC2-8125-C7237227A1A6}.Release|Any CPU.Build.0 = Release|Any CPU
		{805D52EF-7FCE-4FA2-88D2-DFCFE4B37239}.Debug|Any CPU.ActiveCfg = Debug|Any CPU
		{805D52EF-7FCE-4FA2-88D2-DFCFE4B37239}.Debug|Any CPU.Build.0 = Debug|Any CPU
		{805D52EF-7FCE-4FA2-88D2-DFCFE4B37239}.Debug|Any CPU.Deploy.0 = Debug|Any CPU
		{805D52EF-7FCE-4FA2-88D2-DFCFE4B37239}.Release|Any CPU.ActiveCfg = Release|Any CPU
		{805D52EF-7FCE-4FA2-88D2-DFCFE4B37239}.Release|Any CPU.Build.0 = Release|Any CPU
		{805D52EF-7FCE-4FA2-88D2-DFCFE4B37239}.Release|Any CPU.Deploy.0 = Release|Any CPU
	EndGlobalSection
	GlobalSection(SolutionProperties) = preSolution
		HideSolutionNode = FALSE
	EndGlobalSection
	GlobalSection(ExtensibilityGlobals) = postSolution
		SolutionGuid = {D2FE4554-2D28-4211-8936-F030E6599A4E}
	EndGlobalSection
EndGlobal
